
Microsoft Visual Studio Solution File, Format Version 12.00
# Visual Studio 15
VisualStudioVersion = 15.0.26124.0
MinimumVisualStudioVersion = 15.0.26124.0
Project("{9A19103F-16F7-4668-BE54-9A1E7A4F7556}") = "Swords.LinqFilter", "Swords.LinqFilter\Swords.LinqFilter.csproj", "{AF19BF68-95A2-4C68-982A-B7EE690C19A6}"
EndProject
Project("{9A19103F-16F7-4668-BE54-9A1E7A4F7556}") = "Swords.LinqFilter.Tests", "Swords.LinqFilter.Tests\Swords.LinqFilter.Tests.csproj", "{696C01AC-70E3-44D4-8CC4-1300E848B5BC}"
EndProject
Global
	GlobalSection(SolutionConfigurationPlatforms) = preSolution
		Debug|Any CPU = Debug|Any CPU
		Debug|x64 = Debug|x64
		Debug|x86 = Debug|x86
		Release|Any CPU = Release|Any CPU
		Release|x64 = Release|x64
		Release|x86 = Release|x86
	EndGlobalSection
	GlobalSection(ProjectConfigurationPlatforms) = postSolution
		{AF19BF68-95A2-4C68-982A-B7EE690C19A6}.Debug|Any CPU.ActiveCfg = Debug|Any CPU
		{AF19BF68-95A2-4C68-982A-B7EE690C19A6}.Debug|Any CPU.Build.0 = Debug|Any CPU
		{AF19BF68-95A2-4C68-982A-B7EE690C19A6}.Debug|x64.ActiveCfg = Debug|Any CPU
		{AF19BF68-95A2-4C68-982A-B7EE690C19A6}.Debug|x64.Build.0 = Debug|Any CPU
		{AF19BF68-95A2-4C68-982A-B7EE690C19A6}.Debug|x86.ActiveCfg = Debug|Any CPU
		{AF19BF68-95A2-4C68-982A-B7EE690C19A6}.Debug|x86.Build.0 = Debug|Any CPU
		{AF19BF68-95A2-4C68-982A-B7EE690C19A6}.Release|Any CPU.ActiveCfg = Release|Any CPU
		{AF19BF68-95A2-4C68-982A-B7EE690C19A6}.Release|Any CPU.Build.0 = Release|Any CPU
		{AF19BF68-95A2-4C68-982A-B7EE690C19A6}.Release|x64.ActiveCfg = Release|Any CPU
		{AF19BF68-95A2-4C68-982A-B7EE690C19A6}.Release|x64.Build.0 = Release|Any CPU
		{AF19BF68-95A2-4C68-982A-B7EE690C19A6}.Release|x86.ActiveCfg = Release|Any CPU
		{AF19BF68-95A2-4C68-982A-B7EE690C19A6}.Release|x86.Build.0 = Release|Any CPU
		{696C01AC-70E3-44D4-8CC4-1300E848B5BC}.Debug|Any CPU.ActiveCfg = Debug|Any CPU
		{696C01AC-70E3-44D4-8CC4-1300E848B5BC}.Debug|Any CPU.Build.0 = Debug|Any CPU
		{696C01AC-70E3-44D4-8CC4-1300E848B5BC}.Debug|x64.ActiveCfg = Debug|Any CPU
		{696C01AC-70E3-44D4-8CC4-1300E848B5BC}.Debug|x64.Build.0 = Debug|Any CPU
		{696C01AC-70E3-44D4-8CC4-1300E848B5BC}.Debug|x86.ActiveCfg = Debug|Any CPU
		{696C01AC-70E3-44D4-8CC4-1300E848B5BC}.Debug|x86.Build.0 = Debug|Any CPU
		{696C01AC-70E3-44D4-8CC4-1300E848B5BC}.Release|Any CPU.ActiveCfg = Release|Any CPU
		{696C01AC-70E3-44D4-8CC4-1300E848B5BC}.Release|Any CPU.Build.0 = Release|Any CPU
		{696C01AC-70E3-44D4-8CC4-1300E848B5BC}.Release|x64.ActiveCfg = Release|Any CPU
		{696C01AC-70E3-44D4-8CC4-1300E848B5BC}.Release|x64.Build.0 = Release|Any CPU
		{696C01AC-70E3-44D4-8CC4-1300E848B5BC}.Release|x86.ActiveCfg = Release|Any CPU
		{696C01AC-70E3-44D4-8CC4-1300E848B5BC}.Release|x86.Build.0 = Release|Any CPU
	EndGlobalSection
	GlobalSection(SolutionProperties) = preSolution
		HideSolutionNode = FALSE
	EndGlobalSection
	GlobalSection(ExtensibilityGlobals) = postSolution
		SolutionGuid = {F37CC719-5FB5-42B5-A135-F4B35C43D8E8}
	EndGlobalSection
EndGlobal
